github.com/tanzeelalam/dog v0.0.0-20240815070013-f7caf2c8ca8f h1:ZDqw4qjAHpFzA+ocII5Ydx0sbHj80C+G2KhBOio6alw=
github.com/tanzeelalam/dog v0.0.0-20240815070013-f7caf2c8ca8f/go.mod h1:YsA0OS2e/VfDUL66jSej/X8ltN+SQdl8s4inIRcTWEc=
github.com/tanzeelalam/puppy v1.5.0 h1:pRfsFKE+nvE6ysonMjywO2AZCS8WwH44+Bwuq1cqnHg=
github.com/tanzeelalam/puppy v1.5.0/go.mod h1:QKzEOGm1QHqyNnUjHGK7WUHT5UrbHYa2q0yypqq81/8=
